Microsoft Visual Studio Solution File, Format Version 11.00
# Visual Studio 2008

Project("{8E051A8B-9BD8-C6A6-D43E-014FE9BA6064}") = "GGJ15", "Assembly-CSharp-firstpass.csproj", "{255241A2-24C4-473E-1B27-54E03B6D756D}"
EndProject
Project("{8E051A8B-9BD8-C6A6-D43E-014FE9BA6064}") = "GGJ15", "Assembly-CSharp.csproj", "{A7A00128-3306-8560-1BBB-B9AD80C61F0B}"
EndProject
Project("{8E051A8B-9BD8-C6A6-D43E-014FE9BA6064}") = "GGJ15", "Assembly-UnityScript-firstpass.unityproj", "{2C43D99F-FA8A-2BDA-0BFD-E2C2E385ED6D}"
EndProject
Project("{8E051A8B-9BD8-C6A6-D43E-014FE9BA6064}") = "GGJ15", "Assembly-UnityScript.unityproj", "{FE980D2A-84F1-368C-9BFE-640951B71903}"
EndProject
Project("{8E051A8B-9BD8-C6A6-D43E-014FE9BA6064}") = "GGJ15", "Assembly-UnityScript-Editor.unityproj", "{34885C7C-15C5-6390-4944-CF9C0A61D153}"
EndProject
Global
	GlobalSection(SolutionConfigurationPlatforms) = preSolution
		Debug|Any CPU = Debug|Any CPU
		Release|Any CPU = Release|Any CPU
	EndGlobalSection
	GlobalSection(ProjectConfigurationPlatforms) = postSolution
		{255241A2-24C4-473E-1B27-54E03B6D756D}.Debug|Any CPU.ActiveCfg = Debug|Any CPU
		{255241A2-24C4-473E-1B27-54E03B6D756D}.Debug|Any CPU.Build.0 = Debug|Any CPU
		{255241A2-24C4-473E-1B27-54E03B6D756D}.Release|Any CPU.ActiveCfg = Release|Any CPU
		{255241A2-24C4-473E-1B27-54E03B6D756D}.Release|Any CPU.Build.0 = Release|Any CPU
		{A7A00128-3306-8560-1BBB-B9AD80C61F0B}.Debug|Any CPU.ActiveCfg = Debug|Any CPU
		{A7A00128-3306-8560-1BBB-B9AD80C61F0B}.Debug|Any CPU.Build.0 = Debug|Any CPU
		{A7A00128-3306-8560-1BBB-B9AD80C61F0B}.Release|Any CPU.ActiveCfg = Release|Any CPU
		{A7A00128-3306-8560-1BBB-B9AD80C61F0B}.Release|Any CPU.Build.0 = Release|Any CPU
		{2C43D99F-FA8A-2BDA-0BFD-E2C2E385ED6D}.Debug|Any CPU.ActiveCfg = Debug|Any CPU
		{2C43D99F-FA8A-2BDA-0BFD-E2C2E385ED6D}.Debug|Any CPU.Build.0 = Debug|Any CPU
		{2C43D99F-FA8A-2BDA-0BFD-E2C2E385ED6D}.Release|Any CPU.ActiveCfg = Release|Any CPU
		{2C43D99F-FA8A-2BDA-0BFD-E2C2E385ED6D}.Release|Any CPU.Build.0 = Release|Any CPU
		{FE980D2A-84F1-368C-9BFE-640951B71903}.Debug|Any CPU.ActiveCfg = Debug|Any CPU
		{FE980D2A-84F1-368C-9BFE-640951B71903}.Debug|Any CPU.Build.0 = Debug|Any CPU
		{FE980D2A-84F1-368C-9BFE-640951B71903}.Release|Any CPU.ActiveCfg = Release|Any CPU
		{FE980D2A-84F1-368C-9BFE-640951B71903}.Release|Any CPU.Build.0 = Release|Any CPU
		{34885C7C-15C5-6390-4944-CF9C0A61D153}.Debug|Any CPU.ActiveCfg = Debug|Any CPU
		{34885C7C-15C5-6390-4944-CF9C0A61D153}.Debug|Any CPU.Build.0 = Debug|Any CPU
		{34885C7C-15C5-6390-4944-CF9C0A61D153}.Release|Any CPU.ActiveCfg = Release|Any CPU
		{34885C7C-15C5-6390-4944-CF9C0A61D153}.Release|Any CPU.Build.0 = Release|Any CPU
	EndGlobalSection
	GlobalSection(SolutionProperties) = preSolution
		HideSolutionNode = FALSE
	EndGlobalSection
													GlobalSection(MonoDevelopProperties) = preSolution
		StartupItem = Assembly-CSharp.csproj
		Policies = $0
		$0.TextStylePolicy = $1
		$1.inheritsSet = null
		$1.scope = text/x-csharp
		$0.CSharpFormattingPolicy = $2
		$2.inheritsSet = Mono
		$2.inheritsScope = text/x-csharp
		$2.scope = text/x-csharp
		$0.TextStylePolicy = $3
		$3.FileWidth = 120
		$3.TabWidth = 4
		$3.EolMarker = Unix
		$3.inheritsSet = Mono
		$3.inheritsScope = text/plain
		$3.scope = text/plain
	EndGlobalSection

EndGlobal
